
Microsoft Visual Studio Solution File, Format Version 12.00
# Visual Studio Version 16
VisualStudioVersion = 16.0.30503.244
MinimumVisualStudioVersion = 10.0.40219.1
Project("{FAE04EC0-301F-11D3-BF4B-00C04F79EFBC}") = "doan", "doan\doan.csproj", "{B83201A1-D73A-4B50-BDB9-77E2CCC38195}"
EndProject
Global
	GlobalSection(SolutionConfigurationPlatforms) = preSolution
		Debug|Any CPU = Debug|Any CPU
		Release|Any CPU = Release|Any CPU
	EndGlobalSection
	GlobalSection(ProjectConfigurationPlatforms) = postSolution
		{B83201A1-D73A-4B50-BDB9-77E2CCC38195}.Debug|Any CPU.ActiveCfg = Debug|Any CPU
		{B83201A1-D73A-4B50-BDB9-77E2CCC38195}.Debug|Any CPU.Build.0 = Debug|Any CPU
		{B83201A1-D73A-4B50-BDB9-77E2CCC38195}.Release|Any CPU.ActiveCfg = Release|Any CPU
		{B83201A1-D73A-4B50-BDB9-77E2CCC38195}.Release|Any CPU.Build.0 = Release|Any CPU
	EndGlobalSection
	GlobalSection(SolutionProperties) = preSolution
		HideSolutionNode = FALSE
	EndGlobalSection
	GlobalSection(ExtensibilityGlobals) = postSolution
		SolutionGuid = {8F73242C-542A-403D-9B46-04B4A64E6EC1}
	EndGlobalSection
EndGlobal
