
Microsoft Visual Studio Solution File, Format Version 12.00
# Visual Studio Version 16
VisualStudioVersion = 16.0.30503.244
MinimumVisualStudioVersion = 10.0.40219.1
Project("{FAE04EC0-301F-11D3-BF4B-00C04F79EFBC}") = "doan1", "doan1\doan1.csproj", "{81AA9537-9249-4E0C-BA4C-68509B5FAA85}"
EndProject
Global
	GlobalSection(SolutionConfigurationPlatforms) = preSolution
		Debug|Any CPU = Debug|Any CPU
		Release|Any CPU = Release|Any CPU
	EndGlobalSection
	GlobalSection(ProjectConfigurationPlatforms) = postSolution
		{81AA9537-9249-4E0C-BA4C-68509B5FAA85}.Debug|Any CPU.ActiveCfg = Debug|Any CPU
		{81AA9537-9249-4E0C-BA4C-68509B5FAA85}.Debug|Any CPU.Build.0 = Debug|Any CPU
		{81AA9537-9249-4E0C-BA4C-68509B5FAA85}.Release|Any CPU.ActiveCfg = Release|Any CPU
		{81AA9537-9249-4E0C-BA4C-68509B5FAA85}.Release|Any CPU.Build.0 = Release|Any CPU
	EndGlobalSection
	GlobalSection(SolutionProperties) = preSolution
		HideSolutionNode = FALSE
	EndGlobalSection
	GlobalSection(ExtensibilityGlobals) = postSolution
		SolutionGuid = {3CF972EF-4553-4B76-B0E2-EC976C2DF3FD}
	EndGlobalSection
EndGlobal
