
Microsoft Visual Studio Solution File, Format Version 12.00
# Visual Studio Version 16
VisualStudioVersion = 16.0.30503.244
MinimumVisualStudioVersion = 10.0.40219.1
Project("{FAE04EC0-301F-11D3-BF4B-00C04F79EFBC}") = "doann", "doann\doann.csproj", "{B45862B5-ED12-457F-B79C-A47561096862}"
EndProject
Global
	GlobalSection(SolutionConfigurationPlatforms) = preSolution
		Debug|Any CPU = Debug|Any CPU
		Release|Any CPU = Release|Any CPU
	EndGlobalSection
	GlobalSection(ProjectConfigurationPlatforms) = postSolution
		{B45862B5-ED12-457F-B79C-A47561096862}.Debug|Any CPU.ActiveCfg = Debug|Any CPU
		{B45862B5-ED12-457F-B79C-A47561096862}.Debug|Any CPU.Build.0 = Debug|Any CPU
		{B45862B5-ED12-457F-B79C-A47561096862}.Release|Any CPU.ActiveCfg = Release|Any CPU
		{B45862B5-ED12-457F-B79C-A47561096862}.Release|Any CPU.Build.0 = Release|Any CPU
	EndGlobalSection
	GlobalSection(SolutionProperties) = preSolution
		HideSolutionNode = FALSE
	EndGlobalSection
	GlobalSection(ExtensibilityGlobals) = postSolution
		SolutionGuid = {E285E944-EF72-4887-81AE-A153142F7736}
	EndGlobalSection
EndGlobal
